
Microsoft Visual Studio Solution File, Format Version 12.00
# Visual Studio 2013
VisualStudioVersion = 12.0.31101.0
MinimumVisualStudioVersion = 10.0.40219.1
Project("{FAE04EC0-301F-11D3-BF4B-00C04F79EFBC}") = "Post-knv_Server", "Post-knv_Server\Post-knv_Server.csproj", "{227C852B-E457-4D0E-BF06-6C388ADBFAAE}"
EndProject
Project("{FAE04EC0-301F-11D3-BF4B-00C04F79EFBC}") = "Post-KNV_MessageClasses", "..\Post-KNV_MessageClasses\Post-KNV_MessageClasses.csproj", "{CFC71DF6-E476-424B-B8F1-950774F6D326}"
EndProject
Project("{FAE04EC0-301F-11D3-BF4B-00C04F79EFBC}") = "Microsoft.Kinect.Fusion", "..\Microsoft.Kinect.Fusion\Microsoft.Kinect.Fusion.csproj", "{58851747-F078-44E1-94B0-99EF065B3319}"
EndProject
Project("{2150E333-8FDC-42A3-9474-1A3956D46DE8}") = "external", "external", "{ED3BFFF9-CD26-4689-9E34-736AC79DF8E9}"
EndProject
Project("{FAE04EC0-301F-11D3-BF4B-00C04F79EFBC}") = "kd-sharp", "..\kd-sharp\kd-sharp.csproj", "{3CD9C25F-66D8-4CD7-BF15-BC3BD5090760}"
EndProject
Project("{FAE04EC0-301F-11D3-BF4B-00C04F79EFBC}") = "WriteableBitmapEx.Wpf", "..\WriteablebitmapEx\trunk\Source\WriteableBitmapEx.Wpf\WriteableBitmapEx.Wpf.csproj", "{B0AA6A94-6784-4221-81F0-244A68C374C0}"
EndProject
Project("{FAE04EC0-301F-11D3-BF4B-00C04F79EFBC}") = "ANX.Framework", "..\ANX Framework\ANX.Framework\ANX.Framework.csproj", "{6899F0C9-70B9-4EB0-9DD3-E598D4BE3E35}"
EndProject
Project("{FAE04EC0-301F-11D3-BF4B-00C04F79EFBC}") = "MIConvexHull", "..\miconvexhull\MIConvexHull\MIConvexHull.csproj", "{2337776D-7D0C-40AA-A439-C26C3CE24FAB}"
EndProject
Global
	GlobalSection(SolutionConfigurationPlatforms) = preSolution
		Debug|Any CPU = Debug|Any CPU
		Debug|Mixed Platforms = Debug|Mixed Platforms
		Debug|Win32 = Debug|Win32
		Debug|x64 = Debug|x64
		Debug|x86 = Debug|x86
		MinSizeRel|Any CPU = MinSizeRel|Any CPU
		MinSizeRel|Mixed Platforms = MinSizeRel|Mixed Platforms
		MinSizeRel|Win32 = MinSizeRel|Win32
		MinSizeRel|x64 = MinSizeRel|x64
		MinSizeRel|x86 = MinSizeRel|x86
		Release|Any CPU = Release|Any CPU
		Release|Mixed Platforms = Release|Mixed Platforms
		Release|Win32 = Release|Win32
		Release|x64 = Release|x64
		Release|x86 = Release|x86
		RelWithDebInfo|Any CPU = RelWithDebInfo|Any CPU
		RelWithDebInfo|Mixed Platforms = RelWithDebInfo|Mixed Platforms
		RelWithDebInfo|Win32 = RelWithDebInfo|Win32
		RelWithDebInfo|x64 = RelWithDebInfo|x64
		RelWithDebInfo|x86 = RelWithDebInfo|x86
	EndGlobalSection
	GlobalSection(ProjectConfigurationPlatforms) = postSolution
		{227C852B-E457-4D0E-BF06-6C388ADBFAAE}.Debug|Any CPU.ActiveCfg = Debug|Any CPU
		{227C852B-E457-4D0E-BF06-6C388ADBFAAE}.Debug|Any CPU.Build.0 = Debug|Any CPU
		{227C852B-E457-4D0E-BF06-6C388ADBFAAE}.Debug|Mixed Platforms.ActiveCfg = Debug|Any CPU
		{227C852B-E457-4D0E-BF06-6C388ADBFAAE}.Debug|Mixed Platforms.Build.0 = Debug|Any CPU
		{227C852B-E457-4D0E-BF06-6C388ADBFAAE}.Debug|Win32.ActiveCfg = Debug|Any CPU
		{227C852B-E457-4D0E-BF06-6C388ADBFAAE}.Debug|x64.ActiveCfg = Debug|x64
		{227C852B-E457-4D0E-BF06-6C388ADBFAAE}.Debug|x64.Build.0 = Debug|x64
		{227C852B-E457-4D0E-BF06-6C388ADBFAAE}.Debug|x86.ActiveCfg = Debug|Any CPU
		{227C852B-E457-4D0E-BF06-6C388ADBFAAE}.MinSizeRel|Any CPU.ActiveCfg = Release|Any CPU
		{227C852B-E457-4D0E-BF06-6C388ADBFAAE}.MinSizeRel|Any CPU.Build.0 = Release|Any CPU
		{227C852B-E457-4D0E-BF06-6C388ADBFAAE}.MinSizeRel|Mixed Platforms.ActiveCfg = Release|Any CPU
		{227C852B-E457-4D0E-BF06-6C388ADBFAAE}.MinSizeRel|Mixed Platforms.Build.0 = Release|Any CPU
		{227C852B-E457-4D0E-BF06-6C388ADBFAAE}.MinSizeRel|Win32.ActiveCfg = Release|Any CPU
		{227C852B-E457-4D0E-BF06-6C388ADBFAAE}.MinSizeRel|x64.ActiveCfg = Release|x64
		{227C852B-E457-4D0E-BF06-6C388ADBFAAE}.MinSizeRel|x64.Build.0 = Release|x64
		{227C852B-E457-4D0E-BF06-6C388ADBFAAE}.MinSizeRel|x86.ActiveCfg = Release|Any CPU
		{227C852B-E457-4D0E-BF06-6C388ADBFAAE}.Release|Any CPU.ActiveCfg = Release|Any CPU
		{227C852B-E457-4D0E-BF06-6C388ADBFAAE}.Release|Any CPU.Build.0 = Release|Any CPU
		{227C852B-E457-4D0E-BF06-6C388ADBFAAE}.Release|Mixed Platforms.ActiveCfg = Release|Any CPU
		{227C852B-E457-4D0E-BF06-6C388ADBFAAE}.Release|Mixed Platforms.Build.0 = Release|Any CPU
		{227C852B-E457-4D0E-BF06-6C388ADBFAAE}.Release|Win32.ActiveCfg = Release|Any CPU
		{227C852B-E457-4D0E-BF06-6C388ADBFAAE}.Release|x64.ActiveCfg = Release|x64
		{227C852B-E457-4D0E-BF06-6C388ADBFAAE}.Release|x64.Build.0 = Release|x64
		{227C852B-E457-4D0E-BF06-6C388ADBFAAE}.Release|x86.ActiveCfg = Release|Any CPU
		{227C852B-E457-4D0E-BF06-6C388ADBFAAE}.RelWithDebInfo|Any CPU.ActiveCfg = Release|Any CPU
		{227C852B-E457-4D0E-BF06-6C388ADBFAAE}.RelWithDebInfo|Any CPU.Build.0 = Release|Any CPU
		{227C852B-E457-4D0E-BF06-6C388ADBFAAE}.RelWithDebInfo|Mixed Platforms.ActiveCfg = Release|Any CPU
		{227C852B-E457-4D0E-BF06-6C388ADBFAAE}.RelWithDebInfo|Mixed Platforms.Build.0 = Release|Any CPU
		{227C852B-E457-4D0E-BF06-6C388ADBFAAE}.RelWithDebInfo|Win32.ActiveCfg = Release|Any CPU
		{227C852B-E457-4D0E-BF06-6C388ADBFAAE}.RelWithDebInfo|x64.ActiveCfg = Release|x64
		{227C852B-E457-4D0E-BF06-6C388ADBFAAE}.RelWithDebInfo|x64.Build.0 = Release|x64
		{227C852B-E457-4D0E-BF06-6C388ADBFAAE}.RelWithDebInfo|x86.ActiveCfg = Release|Any CPU
		{CFC71DF6-E476-424B-B8F1-950774F6D326}.Debug|Any CPU.ActiveCfg = Debug|Any CPU
		{CFC71DF6-E476-424B-B8F1-950774F6D326}.Debug|Any CPU.Build.0 = Debug|Any CPU
		{CFC71DF6-E476-424B-B8F1-950774F6D326}.Debug|Mixed Platforms.ActiveCfg = Debug|Any CPU
		{CFC71DF6-E476-424B-B8F1-950774F6D326}.Debug|Mixed Platforms.Build.0 = Debug|Any CPU
		{CFC71DF6-E476-424B-B8F1-950774F6D326}.Debug|Win32.ActiveCfg = Debug|Any CPU
		{CFC71DF6-E476-424B-B8F1-950774F6D326}.Debug|x64.ActiveCfg = Debug|x64
		{CFC71DF6-E476-424B-B8F1-950774F6D326}.Debug|x64.Build.0 = Debug|x64
		{CFC71DF6-E476-424B-B8F1-950774F6D326}.Debug|x86.ActiveCfg = Debug|Any CPU
		{CFC71DF6-E476-424B-B8F1-950774F6D326}.MinSizeRel|Any CPU.ActiveCfg = Release|Any CPU
		{CFC71DF6-E476-424B-B8F1-950774F6D326}.MinSizeRel|Any CPU.Build.0 = Release|Any CPU
		{CFC71DF6-E476-424B-B8F1-950774F6D326}.MinSizeRel|Mixed Platforms.ActiveCfg = Release|Any CPU
		{CFC71DF6-E476-424B-B8F1-950774F6D326}.MinSizeRel|Mixed Platforms.Build.0 = Release|Any CPU
		{CFC71DF6-E476-424B-B8F1-950774F6D326}.MinSizeRel|Win32.ActiveCfg = Release|Any CPU
		{CFC71DF6-E476-424B-B8F1-950774F6D326}.MinSizeRel|x64.ActiveCfg = Release|x64
		{CFC71DF6-E476-424B-B8F1-950774F6D326}.MinSizeRel|x64.Build.0 = Release|x64
		{CFC71DF6-E476-424B-B8F1-950774F6D326}.MinSizeRel|x86.ActiveCfg = Release|Any CPU
		{CFC71DF6-E476-424B-B8F1-950774F6D326}.Release|Any CPU.ActiveCfg = Release|Any CPU
		{CFC71DF6-E476-424B-B8F1-950774F6D326}.Release|Any CPU.Build.0 = Release|Any CPU
		{CFC71DF6-E476-424B-B8F1-950774F6D326}.Release|Mixed Platforms.ActiveCfg = Release|Any CPU
		{CFC71DF6-E476-424B-B8F1-950774F6D326}.Release|Mixed Platforms.Build.0 = Release|Any CPU
		{CFC71DF6-E476-424B-B8F1-950774F6D326}.Release|Win32.ActiveCfg = Release|Any CPU
		{CFC71DF6-E476-424B-B8F1-950774F6D326}.Release|x64.ActiveCfg = Release|x64
		{CFC71DF6-E476-424B-B8F1-950774F6D326}.Release|x64.Build.0 = Release|x64
		{CFC71DF6-E476-424B-B8F1-950774F6D326}.Release|x86.ActiveCfg = Release|Any CPU
		{CFC71DF6-E476-424B-B8F1-950774F6D326}.RelWithDebInfo|Any CPU.ActiveCfg = Release|Any CPU
		{CFC71DF6-E476-424B-B8F1-950774F6D326}.RelWithDebInfo|Any CPU.Build.0 = Release|Any CPU
		{CFC71DF6-E476-424B-B8F1-950774F6D326}.RelWithDebInfo|Mixed Platforms.ActiveCfg = Release|Any CPU
		{CFC71DF6-E476-424B-B8F1-950774F6D326}.RelWithDebInfo|Mixed Platforms.Build.0 = Release|Any CPU
		{CFC71DF6-E476-424B-B8F1-950774F6D326}.RelWithDebInfo|Win32.ActiveCfg = Release|Any CPU
		{CFC71DF6-E476-424B-B8F1-950774F6D326}.RelWithDebInfo|x64.ActiveCfg = Release|x64
		{CFC71DF6-E476-424B-B8F1-950774F6D326}.RelWithDebInfo|x64.Build.0 = Release|x64
		{CFC71DF6-E476-424B-B8F1-950774F6D326}.RelWithDebInfo|x86.ActiveCfg = Release|Any CPU
		{58851747-F078-44E1-94B0-99EF065B3319}.Debug|Any CPU.ActiveCfg = Debug|Any CPU
		{58851747-F078-44E1-94B0-99EF065B3319}.Debug|Any CPU.Build.0 = Debug|Any CPU
		{58851747-F078-44E1-94B0-99EF065B3319}.Debug|Mixed Platforms.ActiveCfg = Debug|Any CPU
		{58851747-F078-44E1-94B0-99EF065B3319}.Debug|Mixed Platforms.Build.0 = Debug|Any CPU
		{58851747-F078-44E1-94B0-99EF065B3319}.Debug|Win32.ActiveCfg = Debug|Any CPU
		{58851747-F078-44E1-94B0-99EF065B3319}.Debug|x64.ActiveCfg = Debug|x64
		{58851747-F078-44E1-94B0-99EF065B3319}.Debug|x64.Build.0 = Debug|x64
		{58851747-F078-44E1-94B0-99EF065B3319}.Debug|x86.ActiveCfg = Debug|Any CPU
		{58851747-F078-44E1-94B0-99EF065B3319}.MinSizeRel|Any CPU.ActiveCfg = Release|Any CPU
		{58851747-F078-44E1-94B0-99EF065B3319}.MinSizeRel|Any CPU.Build.0 = Release|Any CPU
		{58851747-F078-44E1-94B0-99EF065B3319}.MinSizeRel|Mixed Platforms.ActiveCfg = Release|Any CPU
		{58851747-F078-44E1-94B0-99EF065B3319}.MinSizeRel|Mixed Platforms.Build.0 = Release|Any CPU
		{58851747-F078-44E1-94B0-99EF065B3319}.MinSizeRel|Win32.ActiveCfg = Release|Any CPU
		{58851747-F078-44E1-94B0-99EF065B3319}.MinSizeRel|x64.ActiveCfg = Release|x64
		{58851747-F078-44E1-94B0-99EF065B3319}.MinSizeRel|x64.Build.0 = Release|x64
		{58851747-F078-44E1-94B0-99EF065B3319}.MinSizeRel|x86.ActiveCfg = Release|Any CPU
		{58851747-F078-44E1-94B0-99EF065B3319}.Release|Any CPU.ActiveCfg = Release|Any CPU
		{58851747-F078-44E1-94B0-99EF065B3319}.Release|Any CPU.Build.0 = Release|Any CPU
		{58851747-F078-44E1-94B0-99EF065B3319}.Release|Mixed Platforms.ActiveCfg = Release|Any CPU
		{58851747-F078-44E1-94B0-99EF065B3319}.Release|Mixed Platforms.Build.0 = Release|Any CPU
		{58851747-F078-44E1-94B0-99EF065B3319}.Release|Win32.ActiveCfg = Release|Any CPU
		{58851747-F078-44E1-94B0-99EF065B3319}.Release|x64.ActiveCfg = Release|x64
		{58851747-F078-44E1-94B0-99EF065B3319}.Release|x64.Build.0 = Release|x64
		{58851747-F078-44E1-94B0-99EF065B3319}.Release|x86.ActiveCfg = Release|Any CPU
		{58851747-F078-44E1-94B0-99EF065B3319}.RelWithDebInfo|Any CPU.ActiveCfg = Release|Any CPU
		{58851747-F078-44E1-94B0-99EF065B3319}.RelWithDebInfo|Any CPU.Build.0 = Release|Any CPU
		{58851747-F078-44E1-94B0-99EF065B3319}.RelWithDebInfo|Mixed Platforms.ActiveCfg = Release|Any CPU
		{58851747-F078-44E1-94B0-99EF065B3319}.RelWithDebInfo|Mixed Platforms.Build.0 = Release|Any CPU
		{58851747-F078-44E1-94B0-99EF065B3319}.RelWithDebInfo|Win32.ActiveCfg = Release|Any CPU
		{58851747-F078-44E1-94B0-99EF065B3319}.RelWithDebInfo|x64.ActiveCfg = Release|x64
		{58851747-F078-44E1-94B0-99EF065B3319}.RelWithDebInfo|x64.Build.0 = Release|x64
		{58851747-F078-44E1-94B0-99EF065B3319}.RelWithDebInfo|x86.ActiveCfg = Release|Any CPU
		{3CD9C25F-66D8-4CD7-BF15-BC3BD5090760}.Debug|Any CPU.ActiveCfg = Debug|Any CPU
		{3CD9C25F-66D8-4CD7-BF15-BC3BD5090760}.Debug|Any CPU.Build.0 = Debug|Any CPU
		{3CD9C25F-66D8-4CD7-BF15-BC3BD5090760}.Debug|Mixed Platforms.ActiveCfg = Debug|Any CPU
		{3CD9C25F-66D8-4CD7-BF15-BC3BD5090760}.Debug|Mixed Platforms.Build.0 = Debug|Any CPU
		{3CD9C25F-66D8-4CD7-BF15-BC3BD5090760}.Debug|Win32.ActiveCfg = Debug|Any CPU
		{3CD9C25F-66D8-4CD7-BF15-BC3BD5090760}.Debug|x64.ActiveCfg = Debug|x64
		{3CD9C25F-66D8-4CD7-BF15-BC3BD5090760}.Debug|x64.Build.0 = Debug|x64
		{3CD9C25F-66D8-4CD7-BF15-BC3BD5090760}.Debug|x86.ActiveCfg = Debug|Any CPU
		{3CD9C25F-66D8-4CD7-BF15-BC3BD5090760}.MinSizeRel|Any CPU.ActiveCfg = Release|Any CPU
		{3CD9C25F-66D8-4CD7-BF15-BC3BD5090760}.MinSizeRel|Any CPU.Build.0 = Release|Any CPU
		{3CD9C25F-66D8-4CD7-BF15-BC3BD5090760}.MinSizeRel|Mixed Platforms.ActiveCfg = Release|Any CPU
		{3CD9C25F-66D8-4CD7-BF15-BC3BD5090760}.MinSizeRel|Mixed Platforms.Build.0 = Release|Any CPU
		{3CD9C25F-66D8-4CD7-BF15-BC3BD5090760}.MinSizeRel|Win32.ActiveCfg = Release|Any CPU
		{3CD9C25F-66D8-4CD7-BF15-BC3BD5090760}.MinSizeRel|x64.ActiveCfg = Release|x64
		{3CD9C25F-66D8-4CD7-BF15-BC3BD5090760}.MinSizeRel|x64.Build.0 = Release|x64
		{3CD9C25F-66D8-4CD7-BF15-BC3BD5090760}.MinSizeRel|x86.ActiveCfg = Release|Any CPU
		{3CD9C25F-66D8-4CD7-BF15-BC3BD5090760}.Release|Any CPU.ActiveCfg = Release|Any CPU
		{3CD9C25F-66D8-4CD7-BF15-BC3BD5090760}.Release|Any CPU.Build.0 = Release|Any CPU
		{3CD9C25F-66D8-4CD7-BF15-BC3BD5090760}.Release|Mixed Platforms.ActiveCfg = Release|Any CPU
		{3CD9C25F-66D8-4CD7-BF15-BC3BD5090760}.Release|Mixed Platforms.Build.0 = Release|Any CPU
		{3CD9C25F-66D8-4CD7-BF15-BC3BD5090760}.Release|Win32.ActiveCfg = Release|Any CPU
		{3CD9C25F-66D8-4CD7-BF15-BC3BD5090760}.Release|x64.ActiveCfg = Release|x64
		{3CD9C25F-66D8-4CD7-BF15-BC3BD5090760}.Release|x64.Build.0 = Release|x64
		{3CD9C25F-66D8-4CD7-BF15-BC3BD5090760}.Release|x86.ActiveCfg = Release|Any CPU
		{3CD9C25F-66D8-4CD7-BF15-BC3BD5090760}.RelWithDebInfo|Any CPU.ActiveCfg = Release|Any CPU
		{3CD9C25F-66D8-4CD7-BF15-BC3BD5090760}.RelWithDebInfo|Any CPU.Build.0 = Release|Any CPU
		{3CD9C25F-66D8-4CD7-BF15-BC3BD5090760}.RelWithDebInfo|Mixed Platforms.ActiveCfg = Release|Any CPU
		{3CD9C25F-66D8-4CD7-BF15-BC3BD5090760}.RelWithDebInfo|Mixed Platforms.Build.0 = Release|Any CPU
		{3CD9C25F-66D8-4CD7-BF15-BC3BD5090760}.RelWithDebInfo|Win32.ActiveCfg = Release|Any CPU
		{3CD9C25F-66D8-4CD7-BF15-BC3BD5090760}.RelWithDebInfo|x64.ActiveCfg = Release|x64
		{3CD9C25F-66D8-4CD7-BF15-BC3BD5090760}.RelWithDebInfo|x64.Build.0 = Release|x64
		{3CD9C25F-66D8-4CD7-BF15-BC3BD5090760}.RelWithDebInfo|x86.ActiveCfg = Release|Any CPU
		{B0AA6A94-6784-4221-81F0-244A68C374C0}.Debug|Any CPU.ActiveCfg = Debug|Any CPU
		{B0AA6A94-6784-4221-81F0-244A68C374C0}.Debug|Any CPU.Build.0 = Debug|Any CPU
		{B0AA6A94-6784-4221-81F0-244A68C374C0}.Debug|Mixed Platforms.ActiveCfg = Debug|Any CPU
		{B0AA6A94-6784-4221-81F0-244A68C374C0}.Debug|Mixed Platforms.Build.0 = Debug|Any CPU
		{B0AA6A94-6784-4221-81F0-244A68C374C0}.Debug|Win32.ActiveCfg = Debug|Any CPU
		{B0AA6A94-6784-4221-81F0-244A68C374C0}.Debug|x64.ActiveCfg = Debug|Any CPU
		{B0AA6A94-6784-4221-81F0-244A68C374C0}.Debug|x64.Build.0 = Debug|Any CPU
		{B0AA6A94-6784-4221-81F0-244A68C374C0}.Debug|x86.ActiveCfg = Debug|Any CPU
		{B0AA6A94-6784-4221-81F0-244A68C374C0}.MinSizeRel|Any CPU.ActiveCfg = Release|Any CPU
		{B0AA6A94-6784-4221-81F0-244A68C374C0}.MinSizeRel|Any CPU.Build.0 = Release|Any CPU
		{B0AA6A94-6784-4221-81F0-244A68C374C0}.MinSizeRel|Mixed Platforms.ActiveCfg = Release|Any CPU
		{B0AA6A94-6784-4221-81F0-244A68C374C0}.MinSizeRel|Mixed Platforms.Build.0 = Release|Any CPU
		{B0AA6A94-6784-4221-81F0-244A68C374C0}.MinSizeRel|Win32.ActiveCfg = Release|Any CPU
		{B0AA6A94-6784-4221-81F0-244A68C374C0}.MinSizeRel|x64.ActiveCfg = Release|Any CPU
		{B0AA6A94-6784-4221-81F0-244A68C374C0}.MinSizeRel|x86.ActiveCfg = Release|Any CPU
		{B0AA6A94-6784-4221-81F0-244A68C374C0}.Release|Any CPU.ActiveCfg = Release|Any CPU
		{B0AA6A94-6784-4221-81F0-244A68C374C0}.Release|Any CPU.Build.0 = Release|Any CPU
		{B0AA6A94-6784-4221-81F0-244A68C374C0}.Release|Mixed Platforms.ActiveCfg = Release|Any CPU
		{B0AA6A94-6784-4221-81F0-244A68C374C0}.Release|Mixed Platforms.Build.0 = Release|Any CPU
		{B0AA6A94-6784-4221-81F0-244A68C374C0}.Release|Win32.ActiveCfg = Release|Any CPU
		{B0AA6A94-6784-4221-81F0-244A68C374C0}.Release|x64.ActiveCfg = Release|Any CPU
		{B0AA6A94-6784-4221-81F0-244A68C374C0}.Release|x64.Build.0 = Release|Any CPU
		{B0AA6A94-6784-4221-81F0-244A68C374C0}.Release|x86.ActiveCfg = Release|Any CPU
		{B0AA6A94-6784-4221-81F0-244A68C374C0}.RelWithDebInfo|Any CPU.ActiveCfg = Release|Any CPU
		{B0AA6A94-6784-4221-81F0-244A68C374C0}.RelWithDebInfo|Any CPU.Build.0 = Release|Any CPU
		{B0AA6A94-6784-4221-81F0-244A68C374C0}.RelWithDebInfo|Mixed Platforms.ActiveCfg = Release|Any CPU
		{B0AA6A94-6784-4221-81F0-244A68C374C0}.RelWithDebInfo|Mixed Platforms.Build.0 = Release|Any CPU
		{B0AA6A94-6784-4221-81F0-244A68C374C0}.RelWithDebInfo|Win32.ActiveCfg = Release|Any CPU
		{B0AA6A94-6784-4221-81F0-244A68C374C0}.RelWithDebInfo|x64.ActiveCfg = Release|Any CPU
		{B0AA6A94-6784-4221-81F0-244A68C374C0}.RelWithDebInfo|x86.ActiveCfg = Release|Any CPU
		{6899F0C9-70B9-4EB0-9DD3-E598D4BE3E35}.Debug|Any CPU.ActiveCfg = Debug|Any CPU
		{6899F0C9-70B9-4EB0-9DD3-E598D4BE3E35}.Debug|Any CPU.Build.0 = Debug|Any CPU
		{6899F0C9-70B9-4EB0-9DD3-E598D4BE3E35}.Debug|Mixed Platforms.ActiveCfg = Debug|Any CPU
		{6899F0C9-70B9-4EB0-9DD3-E598D4BE3E35}.Debug|Mixed Platforms.Build.0 = Debug|Any CPU
		{6899F0C9-70B9-4EB0-9DD3-E598D4BE3E35}.Debug|Win32.ActiveCfg = Debug|Any CPU
		{6899F0C9-70B9-4EB0-9DD3-E598D4BE3E35}.Debug|x64.ActiveCfg = Debug|Any CPU
		{6899F0C9-70B9-4EB0-9DD3-E598D4BE3E35}.Debug|x64.Build.0 = Debug|Any CPU
		{6899F0C9-70B9-4EB0-9DD3-E598D4BE3E35}.Debug|x86.ActiveCfg = Debug|Any CPU
		{6899F0C9-70B9-4EB0-9DD3-E598D4BE3E35}.MinSizeRel|Any CPU.ActiveCfg = Release|Any CPU
		{6899F0C9-70B9-4EB0-9DD3-E598D4BE3E35}.MinSizeRel|Any CPU.Build.0 = Release|Any CPU
		{6899F0C9-70B9-4EB0-9DD3-E598D4BE3E35}.MinSizeRel|Mixed Platforms.ActiveCfg = Release|Any CPU
		{6899F0C9-70B9-4EB0-9DD3-E598D4BE3E35}.MinSizeRel|Mixed Platforms.Build.0 = Release|Any CPU
		{6899F0C9-70B9-4EB0-9DD3-E598D4BE3E35}.MinSizeRel|Win32.ActiveCfg = Release|Any CPU
		{6899F0C9-70B9-4EB0-9DD3-E598D4BE3E35}.MinSizeRel|x64.ActiveCfg = Release|Any CPU
		{6899F0C9-70B9-4EB0-9DD3-E598D4BE3E35}.MinSizeRel|x86.ActiveCfg = Release|Any CPU
		{6899F0C9-70B9-4EB0-9DD3-E598D4BE3E35}.Release|Any CPU.ActiveCfg = Release|Any CPU
		{6899F0C9-70B9-4EB0-9DD3-E598D4BE3E35}.Release|Any CPU.Build.0 = Release|Any CPU
		{6899F0C9-70B9-4EB0-9DD3-E598D4BE3E35}.Release|Mixed Platforms.ActiveCfg = Release|Any CPU
		{6899F0C9-70B9-4EB0-9DD3-E598D4BE3E35}.Release|Mixed Platforms.Build.0 = Release|Any CPU
		{6899F0C9-70B9-4EB0-9DD3-E598D4BE3E35}.Release|Win32.ActiveCfg = Release|Any CPU
		{6899F0C9-70B9-4EB0-9DD3-E598D4BE3E35}.Release|x64.ActiveCfg = Release|Any CPU
		{6899F0C9-70B9-4EB0-9DD3-E598D4BE3E35}.Release|x64.Build.0 = Release|Any CPU
		{6899F0C9-70B9-4EB0-9DD3-E598D4BE3E35}.Release|x86.ActiveCfg = Release|Any CPU
		{6899F0C9-70B9-4EB0-9DD3-E598D4BE3E35}.RelWithDebInfo|Any CPU.ActiveCfg = Release|Any CPU
		{6899F0C9-70B9-4EB0-9DD3-E598D4BE3E35}.RelWithDebInfo|Any CPU.Build.0 = Release|Any CPU
		{6899F0C9-70B9-4EB0-9DD3-E598D4BE3E35}.RelWithDebInfo|Mixed Platforms.ActiveCfg = Release|Any CPU
		{6899F0C9-70B9-4EB0-9DD3-E598D4BE3E35}.RelWithDebInfo|Mixed Platforms.Build.0 = Release|Any CPU
		{6899F0C9-70B9-4EB0-9DD3-E598D4BE3E35}.RelWithDebInfo|Win32.ActiveCfg = Release|Any CPU
		{6899F0C9-70B9-4EB0-9DD3-E598D4BE3E35}.RelWithDebInfo|x64.ActiveCfg = Release|Any CPU
		{6899F0C9-70B9-4EB0-9DD3-E598D4BE3E35}.RelWithDebInfo|x86.ActiveCfg = Release|Any CPU
		{2337776D-7D0C-40AA-A439-C26C3CE24FAB}.Debug|Any CPU.ActiveCfg = Debug|Any CPU
		{2337776D-7D0C-40AA-A439-C26C3CE24FAB}.Debug|Any CPU.Build.0 = Debug|Any CPU
		{2337776D-7D0C-40AA-A439-C26C3CE24FAB}.Debug|Mixed Platforms.ActiveCfg = Debug|Any CPU
		{2337776D-7D0C-40AA-A439-C26C3CE24FAB}.Debug|Mixed Platforms.Build.0 = Debug|Any CPU
		{2337776D-7D0C-40AA-A439-C26C3CE24FAB}.Debug|Win32.ActiveCfg = Debug|Any CPU
		{2337776D-7D0C-40AA-A439-C26C3CE24FAB}.Debug|x64.ActiveCfg = Debug|x64
		{2337776D-7D0C-40AA-A439-C26C3CE24FAB}.Debug|x64.Build.0 = Debug|x64
		{2337776D-7D0C-40AA-A439-C26C3CE24FAB}.Debug|x86.ActiveCfg = Debug|Any CPU
		{2337776D-7D0C-40AA-A439-C26C3CE24FAB}.MinSizeRel|Any CPU.ActiveCfg = Release|Any CPU
		{2337776D-7D0C-40AA-A439-C26C3CE24FAB}.MinSizeRel|Any CPU.Build.0 = Release|Any CPU
		{2337776D-7D0C-40AA-A439-C26C3CE24FAB}.MinSizeRel|Mixed Platforms.ActiveCfg = Release|Any CPU
		{2337776D-7D0C-40AA-A439-C26C3CE24FAB}.MinSizeRel|Mixed Platforms.Build.0 = Release|Any CPU
		{2337776D-7D0C-40AA-A439-C26C3CE24FAB}.MinSizeRel|Win32.ActiveCfg = Release|Any CPU
		{2337776D-7D0C-40AA-A439-C26C3CE24FAB}.MinSizeRel|x64.ActiveCfg = Release|Any CPU
		{2337776D-7D0C-40AA-A439-C26C3CE24FAB}.MinSizeRel|x86.ActiveCfg = Release|Any CPU
		{2337776D-7D0C-40AA-A439-C26C3CE24FAB}.Release|Any CPU.ActiveCfg = Release|Any CPU
		{2337776D-7D0C-40AA-A439-C26C3CE24FAB}.Release|Any CPU.Build.0 = Release|Any CPU
		{2337776D-7D0C-40AA-A439-C26C3CE24FAB}.Release|Mixed Platforms.ActiveCfg = Release|Any CPU
		{2337776D-7D0C-40AA-A439-C26C3CE24FAB}.Release|Mixed Platforms.Build.0 = Release|Any CPU
		{2337776D-7D0C-40AA-A439-C26C3CE24FAB}.Release|Win32.ActiveCfg = Release|Any CPU
		{2337776D-7D0C-40AA-A439-C26C3CE24FAB}.Release|x64.ActiveCfg = Release|Any CPU
		{2337776D-7D0C-40AA-A439-C26C3CE24FAB}.Release|x64.Build.0 = Release|Any CPU
		{2337776D-7D0C-40AA-A439-C26C3CE24FAB}.Release|x86.ActiveCfg = Release|Any CPU
		{2337776D-7D0C-40AA-A439-C26C3CE24FAB}.RelWithDebInfo|Any CPU.ActiveCfg = Release|Any CPU
		{2337776D-7D0C-40AA-A439-C26C3CE24FAB}.RelWithDebInfo|Any CPU.Build.0 = Release|Any CPU
		{2337776D-7D0C-40AA-A439-C26C3CE24FAB}.RelWithDebInfo|Mixed Platforms.ActiveCfg = Release|Any CPU
		{2337776D-7D0C-40AA-A439-C26C3CE24FAB}.RelWithDebInfo|Mixed Platforms.Build.0 = Release|Any CPU
		{2337776D-7D0C-40AA-A439-C26C3CE24FAB}.RelWithDebInfo|Win32.ActiveCfg = Release|Any CPU
		{2337776D-7D0C-40AA-A439-C26C3CE24FAB}.RelWithDebInfo|x64.ActiveCfg = Release|Any CPU
		{2337776D-7D0C-40AA-A439-C26C3CE24FAB}.RelWithDebInfo|x86.ActiveCfg = Release|Any CPU
	EndGlobalSection
	GlobalSection(SolutionProperties) = preSolution
		HideSolutionNode = FALSE
	EndGlobalSection
	GlobalSection(NestedProjects) = preSolution
		{58851747-F078-44E1-94B0-99EF065B3319} = {ED3BFFF9-CD26-4689-9E34-736AC79DF8E9}
		{3CD9C25F-66D8-4CD7-BF15-BC3BD5090760} = {ED3BFFF9-CD26-4689-9E34-736AC79DF8E9}
		{B0AA6A94-6784-4221-81F0-244A68C374C0} = {ED3BFFF9-CD26-4689-9E34-736AC79DF8E9}
		{6899F0C9-70B9-4EB0-9DD3-E598D4BE3E35} = {ED3BFFF9-CD26-4689-9E34-736AC79DF8E9}
		{2337776D-7D0C-40AA-A439-C26C3CE24FAB} = {ED3BFFF9-CD26-4689-9E34-736AC79DF8E9}
	EndGlobalSection
EndGlobal
